Microsoft Visual Studio Solution File, Format Version 12.00
# Visual Studio 2012
Project("{FAE04EC0-301F-11D3-BF4B-00C04F79EFBC}") = "Mister Weiner Wish", "Mister Weiner Wish.csproj", "{A5ABBB08-5B43-4CD5-8517-51A17DA7DC7C}"
EndProject
Global
	GlobalSection(SolutionConfigurationPlatforms) = preSolution
	Debug|Any CPU = Debug|Any CPU
	ExportDebug|Any CPU = ExportDebug|Any CPU
	ExportRelease|Any CPU = ExportRelease|Any CPU
	EndGlobalSection
	GlobalSection(ProjectConfigurationPlatforms) = postSolution
		{A5ABBB08-5B43-4CD5-8517-51A17DA7DC7C}.Debug|Any CPU.ActiveCfg = Debug|Any CPU
		{A5ABBB08-5B43-4CD5-8517-51A17DA7DC7C}.Debug|Any CPU.Build.0 = Debug|Any CPU
		{A5ABBB08-5B43-4CD5-8517-51A17DA7DC7C}.ExportDebug|Any CPU.ActiveCfg = ExportDebug|Any CPU
		{A5ABBB08-5B43-4CD5-8517-51A17DA7DC7C}.ExportDebug|Any CPU.Build.0 = ExportDebug|Any CPU
		{A5ABBB08-5B43-4CD5-8517-51A17DA7DC7C}.ExportRelease|Any CPU.ActiveCfg = ExportRelease|Any CPU
		{A5ABBB08-5B43-4CD5-8517-51A17DA7DC7C}.ExportRelease|Any CPU.Build.0 = ExportRelease|Any CPU
	EndGlobalSection
EndGlobal
